
Microsoft Visual Studio Solution File, Format Version 12.00
Project("{2150E333-8FDC-42A3-9474-1A3956D46DE8}") = "Solution Items", "Solution Items", "{09B2CB63-41AE-4567-AF37-BB47582F3C61}"
EndProject
Project("{FAE04EC0-301F-11D3-BF4B-00C04F79EFBC}") = "ArticleService", "src\ArticleService\ArticleService.csproj", "{ACCFFA9A-E124-4199-88A3-E5D3F84C1F40}"
EndProject
Project("{FAE04EC0-301F-11D3-BF4B-00C04F79EFBC}") = "CommentService", "src\CommentService\CommentService.csproj", "{8750B97C-A150-4301-B13F-547AD4BA81FA}"
EndProject
Project("{FAE04EC0-301F-11D3-BF4B-00C04F79EFBC}") = "ProfanityService", "src\ProfanityService\ProfanityService.csproj", "{5E93169A-225F-4E40-B045-86FD77B7F9B3}"
EndProject
Project("{FAE04EC0-301F-11D3-BF4B-00C04F79EFBC}") = "DraftService", "src\DraftService\DraftService.csproj", "{3C72128B-9092-4740-97AC-3EC9647EB654}"
EndProject
Project("{FAE04EC0-301F-11D3-BF4B-00C04F79EFBC}") = "PublisherService", "src\PublisherService\PublisherService.csproj", "{82FDC611-3F9F-481F-A355-83C1955B2649}"
EndProject
Project("{FAE04EC0-301F-11D3-BF4B-00C04F79EFBC}") = "NewsletterService", "src\NewsletterService\NewsletterService.csproj", "{DF2B3E1A-A1D2-4F7D-A342-C99C066896FB}"
EndProject
Project("{FAE04EC0-301F-11D3-BF4B-00C04F79EFBC}") = "Shared", "src\Shared\Shared.csproj", "{C42E874F-59DC-464C-96D1-BAA67ED958F9}"
EndProject
Project("{FAE04EC0-301F-11D3-BF4B-00C04F79EFBC}") = "SubscriberService", "src\SubscriberService\SubscriberService.csproj", "{78C3C9CA-DE6A-4F24-B195-51A2909C1FD0}"
EndProject
Global
	GlobalSection(SolutionConfigurationPlatforms) = preSolution
		Debug|Any CPU = Debug|Any CPU
		Release|Any CPU = Release|Any CPU
	EndGlobalSection
	GlobalSection(ProjectConfigurationPlatforms) = postSolution
		{ACCFFA9A-E124-4199-88A3-E5D3F84C1F40}.Debug|Any CPU.ActiveCfg = Debug|Any CPU
		{ACCFFA9A-E124-4199-88A3-E5D3F84C1F40}.Debug|Any CPU.Build.0 = Debug|Any CPU
		{ACCFFA9A-E124-4199-88A3-E5D3F84C1F40}.Release|Any CPU.ActiveCfg = Release|Any CPU
		{ACCFFA9A-E124-4199-88A3-E5D3F84C1F40}.Release|Any CPU.Build.0 = Release|Any CPU
		{8750B97C-A150-4301-B13F-547AD4BA81FA}.Debug|Any CPU.ActiveCfg = Debug|Any CPU
		{8750B97C-A150-4301-B13F-547AD4BA81FA}.Debug|Any CPU.Build.0 = Debug|Any CPU
		{8750B97C-A150-4301-B13F-547AD4BA81FA}.Release|Any CPU.ActiveCfg = Release|Any CPU
		{8750B97C-A150-4301-B13F-547AD4BA81FA}.Release|Any CPU.Build.0 = Release|Any CPU
		{5E93169A-225F-4E40-B045-86FD77B7F9B3}.Debug|Any CPU.ActiveCfg = Debug|Any CPU
		{5E93169A-225F-4E40-B045-86FD77B7F9B3}.Debug|Any CPU.Build.0 = Debug|Any CPU
		{5E93169A-225F-4E40-B045-86FD77B7F9B3}.Release|Any CPU.ActiveCfg = Release|Any CPU
		{5E93169A-225F-4E40-B045-86FD77B7F9B3}.Release|Any CPU.Build.0 = Release|Any CPU
		{3C72128B-9092-4740-97AC-3EC9647EB654}.Debug|Any CPU.ActiveCfg = Debug|Any CPU
		{3C72128B-9092-4740-97AC-3EC9647EB654}.Debug|Any CPU.Build.0 = Debug|Any CPU
		{3C72128B-9092-4740-97AC-3EC9647EB654}.Release|Any CPU.ActiveCfg = Release|Any CPU
		{3C72128B-9092-4740-97AC-3EC9647EB654}.Release|Any CPU.Build.0 = Release|Any CPU
		{82FDC611-3F9F-481F-A355-83C1955B2649}.Debug|Any CPU.ActiveCfg = Debug|Any CPU
		{82FDC611-3F9F-481F-A355-83C1955B2649}.Debug|Any CPU.Build.0 = Debug|Any CPU
		{82FDC611-3F9F-481F-A355-83C1955B2649}.Release|Any CPU.ActiveCfg = Release|Any CPU
		{82FDC611-3F9F-481F-A355-83C1955B2649}.Release|Any CPU.Build.0 = Release|Any CPU
		{DF2B3E1A-A1D2-4F7D-A342-C99C066896FB}.Debug|Any CPU.ActiveCfg = Debug|Any CPU
		{DF2B3E1A-A1D2-4F7D-A342-C99C066896FB}.Debug|Any CPU.Build.0 = Debug|Any CPU
		{DF2B3E1A-A1D2-4F7D-A342-C99C066896FB}.Release|Any CPU.ActiveCfg = Release|Any CPU
		{DF2B3E1A-A1D2-4F7D-A342-C99C066896FB}.Release|Any CPU.Build.0 = Release|Any CPU
		{C42E874F-59DC-464C-96D1-BAA67ED958F9}.Debug|Any CPU.ActiveCfg = Debug|Any CPU
		{C42E874F-59DC-464C-96D1-BAA67ED958F9}.Debug|Any CPU.Build.0 = Debug|Any CPU
		{C42E874F-59DC-464C-96D1-BAA67ED958F9}.Release|Any CPU.ActiveCfg = Release|Any CPU
		{C42E874F-59DC-464C-96D1-BAA67ED958F9}.Release|Any CPU.Build.0 = Release|Any CPU
		{78C3C9CA-DE6A-4F24-B195-51A2909C1FD0}.Debug|Any CPU.ActiveCfg = Debug|Any CPU
		{78C3C9CA-DE6A-4F24-B195-51A2909C1FD0}.Debug|Any CPU.Build.0 = Debug|Any CPU
		{78C3C9CA-DE6A-4F24-B195-51A2909C1FD0}.Release|Any CPU.ActiveCfg = Release|Any CPU
		{78C3C9CA-DE6A-4F24-B195-51A2909C1FD0}.Release|Any CPU.Build.0 = Release|Any CPU
	EndGlobalSection
	GlobalSection(NestedProjects) = preSolution
	EndGlobalSection
EndGlobal
